// !$*UTF8*$!
{
	archiveVersion = 1;
	classes = {
	};
	objectVersion = 56;
	objects = {

/* Begin PBXBuildFile section */
		443806D32B3600D000F3AC3B /* drawApp.swift in Sources */ = {isa = PBXBuildFile; fileRef = 443806D22B3600D000F3AC3B /* drawApp.swift */; };
		443806D52B3600D000F3AC3B /* ContentView.swift in Sources */ = {isa = PBXBuildFile; fileRef = 443806D42B3600D000F3AC3B /* ContentView.swift */; };
		443806D72B3600D200F3AC3B /* Assets.xcassets in Resources */ = {isa = PBXBuildFile; fileRef = 443806D62B3600D200F3AC3B /* Assets.xcassets */; };
		443806DA2B3600D200F3AC3B /* Preview Assets.xcassets in Resources */ = {isa = PBXBuildFile; fileRef = 443806D92B3600D200F3AC3B /* Preview Assets.xcassets */; };
		443806E42B3600D200F3AC3B /* drawTests.swift in Sources */ = {isa = PBXBuildFile; fileRef = 443806E32B3600D200F3AC3B /* drawTests.swift */; };
		443806EE2B3600D200F3AC3B /* drawUITests.swift in Sources */ = {isa = PBXBuildFile; fileRef = 443806ED2B3600D200F3AC3B /* drawUITests.swift */; };
		443806F02B3600D200F3AC3B /* drawUITestsLaunchTests.swift in Sources */ = {isa = PBXBuildFile; fileRef = 443806EF2B3600D200F3AC3B /* drawUITestsLaunchTests.swift */; };
		44EF05202B5C31AC00264C8E /* colourpicker.swift in Sources */ = {isa = PBXBuildFile; fileRef = 44EF051F2B5C31AC00264C8E /* colourpicker.swift */; };
/* End PBXBuildFile section */

/* Begin PBXContainerItemProxy section */
		443806E02B3600D200F3AC3B /* PBXContainerItemProxy */ = {
			isa = PBXContainerItemProxy;
			containerPortal = 443806C72B3600D000F3AC3B /* Project object */;
			proxyType = 1;
			remoteGlobalIDString = 443806CE2B3600D000F3AC3B;
			remoteInfo = draw;
		};
		443806EA2B3600D200F3AC3B /* PBXContainerItemProxy */ = {
			isa = PBXContainerItemProxy;
			containerPortal = 443806C72B3600D000F3AC3B /* Project object */;
			proxyType = 1;
			remoteGlobalIDString = 443806CE2B3600D000F3AC3B;
			remoteInfo = draw;
		};
/* End PBXContainerItemProxy section */

/* Begin PBXFileReference section */
		443806CF2B3600D000F3AC3B /* draw.app */ = {isa = PBXFileReference; explicitFileType = wrapper.application; includeInIndex = 0; path = draw.app; sourceTree = BUILT_PRODUCTS_DIR; };
		443806D22B3600D000F3AC3B /* drawApp.swift */ = {isa = PBXFileReference; lastKnownFileType = sourcecode.swift; path = drawApp.swift; sourceTree = "<group>"; };
		443806D42B3600D000F3AC3B /* ContentView.swift */ = {isa = PBXFileReference; lastKnownFileType = sourcecode.swift; path = ContentView.swift; sourceTree = "<group>"; };
		443806D62B3600D200F3AC3B /* Assets.xcassets */ = {isa = PBXFileReference; lastKnownFileType = folder.assetcatalog; path = Assets.xcassets; sourceTree = "<group>"; };
		443806D92B3600D200F3AC3B /* Preview Assets.xcassets */ = {isa = PBXFileReference; lastKnownFileType = folder.assetcatalog; path = "Preview Assets.xcassets"; sourceTree = "<group>"; };
		443806DF2B3600D200F3AC3B /* drawTests.xctest */ = {isa = PBXFileReference; explicitFileType = wrapper.cfbundle; includeInIndex = 0; path = drawTests.xctest; sourceTree = BUILT_PRODUCTS_DIR; };
		443806E32B3600D200F3AC3B /* drawTests.swift */ = {isa = PBXFileReference; lastKnownFileType = sourcecode.swift; path = drawTests.swift; sourceTree = "<group>"; };
		443806E92B3600D200F3AC3B /* drawUITests.xctest */ = {isa = PBXFileReference; explicitFileType = wrapper.cfbundle; includeInIndex = 0; path = drawUITests.xctest; sourceTree = BUILT_PRODUCTS_DIR; };
		443806ED2B3600D200F3AC3B /* drawUITests.swift */ = {isa = PBXFileReference; lastKnownFileType = sourcecode.swift; path = drawUITests.swift; sourceTree = "<group>"; };
		443806EF2B3600D200F3AC3B /* drawUITestsLaunchTests.swift */ = {isa = PBXFileReference; lastKnownFileType = sourcecode.swift; path = drawUITestsLaunchTests.swift; sourceTree = "<group>"; };
		44EF051F2B5C31AC00264C8E /* colourpicker.swift */ = {isa = PBXFileReference; lastKnownFileType = sourcecode.swift; path = colourpicker.swift; sourceTree = "<group>"; };
/* End PBXFileReference section */

/* Begin PBXFrameworksBuildPhase section */
		443806CC2B3600D000F3AC3B /* Frameworks */ = {
			isa = PBXFrameworksBuildPhase;
			buildActionMask = 2147483647;
			files = (
			);
			runOnlyForDeploymentPostprocessing = 0;
		};
		443806DC2B3600D200F3AC3B /* Frameworks */ = {
			isa = PBXFrameworksBuildPhase;
			buildActionMask = 2147483647;
			files = (
			);
			runOnlyForDeploymentPostprocessing = 0;
		};
		443806E62B3600D200F3AC3B /* Frameworks */ = {
			isa = PBXFrameworksBuildPhase;
			buildActionMask = 2147483647;
			files = (
			);
			runOnlyForDeploymentPostprocessing = 0;
		};
/* End PBXFrameworksBuildPhase section */

/* Begin PBXGroup section */
		443806C62B3600D000F3AC3B = {
			isa = PBXGroup;
			children = (
				443806D12B3600D000F3AC3B /* draw */,
				443806E22B3600D200F3AC3B /* drawTests */,
				443806EC2B3600D200F3AC3B /* drawUITests */,
				443806D02B3600D000F3AC3B /* Products */,
			);
			sourceTree = "<group>";
		};
		443806D02B3600D000F3AC3B /* Products */ = {
			isa = PBXGroup;
			children = (
				443806CF2B3600D000F3AC3B /* draw.app */,
				443806DF2B3600D200F3AC3B /* drawTests.xctest */,
				443806E92B3600D200F3AC3B /* drawUITests.xctest */,
			);
			name = Products;
			sourceTree = "<group>";
		};
		443806D12B3600D000F3AC3B /* draw */ = {
			isa = PBXGroup;
			children = (
				443806D22B3600D000F3AC3B /* drawApp.swift */,
				443806D42B3600D000F3AC3B /* ContentView.swift */,
				443806D62B3600D200F3AC3B /* Assets.xcassets */,
				443806D82B3600D200F3AC3B /* Preview Content */,
				44EF051F2B5C31AC00264C8E /* colourpicker.swift */,
			);
			path = draw;
			sourceTree = "<group>";
		};
		443806D82B3600D200F3AC3B /* Preview Content */ = {
			isa = PBXGroup;
			children = (
				443806D92B3600D200F3AC3B /* Preview Assets.xcassets */,
			);
			path = "Preview Content";
			sourceTree = "<group>";
		};
		443806E22B3600D200F3AC3B /* drawTests */ = {
			isa = PBXGroup;
			children = (
				443806E32B3600D200F3AC3B /* drawTests.swift */,
			);
			path = drawTests;
			sourceTree = "<group>";
		};
		443806EC2B3600D200F3AC3B /* drawUITests */ = {
			isa = PBXGroup;
			children = (
				443806ED2B3600D200F3AC3B /* drawUITests.swift */,
				443806EF2B3600D200F3AC3B /* drawUITestsLaunchTests.swift */,
			);
			path = drawUITests;
			sourceTree = "<group>";
		};
/* End PBXGroup section */

/* Begin PBXNativeTarget section */
		443806CE2B3600D000F3AC3B /* draw */ = {
			isa = PBXNativeTarget;
			buildConfigurationList = 443806F32B3600D200F3AC3B /* Build configuration list for PBXNativeTarget "draw" */;
			buildPhases = (
				443806CB2B3600D000F3AC3B /* Sources */,
				443806CC2B3600D000F3AC3B /* Frameworks */,
				443806CD2B3600D000F3AC3B /* Resources */,
			);
			buildRules = (
			);
			dependencies = (
			);
			name = draw;
			productName = draw;
			productReference = 443806CF2B3600D000F3AC3B /* draw.app */;
			productType = "com.apple.product-type.application";
		};
		443806DE2B3600D200F3AC3B /* drawTests */ = {
			isa = PBXNativeTarget;
			buildConfigurationList = 443806F62B3600D200F3AC3B /* Build configuration list for PBXNativeTarget "drawTests" */;
			buildPhases = (
				443806DB2B3600D200F3AC3B /* Sources */,
				443806DC2B3600D200F3AC3B /* Frameworks */,
				443806DD2B3600D200F3AC3B /* Resources */,
			);
			buildRules = (
			);
			dependencies = (
				443806E12B3600D200F3AC3B /* PBXTargetDependency */,
			);
			name = drawTests;
			productName = drawTests;
			productReference = 443806DF2B3600D200F3AC3B /* drawTests.xctest */;
			productType = "com.apple.product-type.bundle.unit-test";
		};
		443806E82B3600D200F3AC3B /* drawUITests */ = {
			isa = PBXNativeTarget;
			buildConfigurationList = 443806F92B3600D200F3AC3B /* Build configuration list for PBXNativeTarget "drawUITests" */;
			buildPhases = (
				443806E52B3600D200F3AC3B /* Sources */,
				443806E62B3600D200F3AC3B /* Frameworks */,
				443806E72B3600D200F3AC3B /* Resources */,
			);
			buildRules = (
			);
			dependencies = (
				443806EB2B3600D200F3AC3B /* PBXTargetDependency */,
			);
			name = drawUITests;
			productName = drawUITests;
			productReference = 443806E92B3600D200F3AC3B /* drawUITests.xctest */;
			productType = "com.apple.product-type.bundle.ui-testing";
		};
/* End PBXNativeTarget section */

/* Begin PBXProject section */
		443806C72B3600D000F3AC3B /* Project object */ = {
			isa = PBXProject;
			attributes = {
				BuildIndependentTargetsInParallel = 1;
				LastSwiftUpdateCheck = 1420;
				LastUpgradeCheck = 1420;
				TargetAttributes = {
					443806CE2B3600D000F3AC3B = {
						CreatedOnToolsVersion = 14.2;
					};
					443806DE2B3600D200F3AC3B = {
						CreatedOnToolsVersion = 14.2;
						TestTargetID = 443806CE2B3600D000F3AC3B;
					};
					443806E82B3600D200F3AC3B = {
						CreatedOnToolsVersion = 14.2;
						TestTargetID = 443806CE2B3600D000F3AC3B;
					};
				};
			};
			buildConfigurationList = 443806CA2B3600D000F3AC3B /* Build configuration list for PBXProject "draw" */;
			compatibilityVersion = "Xcode 14.0";
			developmentRegion = en;
			hasScannedForEncodings = 0;
			knownRegions = (
				en,
				Base,
			);
			mainGroup = 443806C62B3600D000F3AC3B;
			productRefGroup = 443806D02B3600D000F3AC3B /* Products */;
			projectDirPath = "";
			projectRoot = "";
			targets = (
				443806CE2B3600D000F3AC3B /* draw */,
				443806DE2B3600D200F3AC3B /* drawTests */,
				443806E82B3600D200F3AC3B /* drawUITests */,
			);
		};
/* End PBXProject section */

/* Begin PBXResourcesBuildPhase section */
		443806CD2B3600D000F3AC3B /* Resources */ = {
			isa = PBXResourcesBuildPhase;
			buildActionMask = 2147483647;
			files = (
				443806DA2B3600D200F3AC3B /* Preview Assets.xcassets in Resources */,
				443806D72B3600D200F3AC3B /* Assets.xcassets in Resources */,
			);
			runOnlyForDeploymentPostprocessing = 0;
		};
		443806DD2B3600D200F3AC3B /* Resources */ = {
			isa = PBXResourcesBuildPhase;
			buildActionMask = 2147483647;
			files = (
			);
			runOnlyForDeploymentPostprocessing = 0;
		};
		443806E72B3600D200F3AC3B /* Resources */ = {
			isa = PBXResourcesBuildPhase;
			buildActionMask = 2147483647;
			files = (
			);
			runOnlyForDeploymentPostprocessing = 0;
		};
/* End PBXResourcesBuildPhase section */

/* Begin PBXSourcesBuildPhase section */
		443806CB2B3600D000F3AC3B /* Sources */ = {
			isa = PBXSourcesBuildPhase;
			buildActionMask = 2147483647;
			files = (
				44EF05202B5C31AC00264C8E /* colourpicker.swift in Sources */,
				443806D52B3600D000F3AC3B /* ContentView.swift in Sources */,
				443806D32B3600D000F3AC3B /* drawApp.swift in Sources */,
			);
			runOnlyForDeploymentPostprocessing = 0;
		};
		443806DB2B3600D200F3AC3B /* Sources */ = {
			isa = PBXSourcesBuildPhase;
			buildActionMask = 2147483647;
			files = (
				443806E42B3600D200F3AC3B /* drawTests.swift in Sources */,
			);
			runOnlyForDeploymentPostprocessing = 0;
		};
		443806E52B3600D200F3AC3B /* Sources */ = {
			isa = PBXSourcesBuildPhase;
			buildActionMask = 2147483647;
			files = (
				443806F02B3600D200F3AC3B /* drawUITestsLaunchTests.swift in Sources */,
				443806EE2B3600D200F3AC3B /* drawUITests.swift in Sources */,
			);
			runOnlyForDeploymentPostprocessing = 0;
		};
/* End PBXSourcesBuildPhase section */

/* Begin PBXTargetDependency section */
		443806E12B3600D200F3AC3B /* PBXTargetDependency */ = {
			isa = PBXTargetDependency;
			target = 443806CE2B3600D000F3AC3B /* draw */;
			targetProxy = 443806E02B3600D200F3AC3B /* PBXContainerItemProxy */;
		};
		443806EB2B3600D200F3AC3B /* PBXTargetDependency */ = {
			isa = PBXTargetDependency;
			target = 443806CE2B3600D000F3AC3B /* draw */;
			targetProxy = 443806EA2B3600D200F3AC3B /* PBXContainerItemProxy */;
		};
/* End PBXTargetDependency section */

/* Begin XCBuildConfiguration section */
		443806F12B3600D200F3AC3B /* Debug */ = {
			isa = XCBuildConfiguration;
			buildSettings = {
				ALWAYS_SEARCH_USER_PATHS = NO;
				CLANG_ANALYZER_NONNULL = YES;
				CLANG_ANALYZER_NUMBER_OBJECT_CONVERSION = YES_AGGRESSIVE;
				CLANG_CXX_LANGUAGE_STANDARD = "gnu++20";
				CLANG_ENABLE_MODULES = YES;
				CLANG_ENABLE_OBJC_ARC = YES;
				CLANG_ENABLE_OBJC_WEAK = YES;
				CLANG_WARN_BLOCK_CAPTURE_AUTORELEASING = YES;
				CLANG_WARN_BOOL_CONVERSION = YES;
				CLANG_WARN_COMMA = YES;
				CLANG_WARN_CONSTANT_CONVERSION = YES;
				CLANG_WARN_DEPRECATED_OBJC_IMPLEMENTATIONS = YES;
				CLANG_WARN_DIRECT_OBJC_ISA_USAGE = YES_ERROR;
				CLANG_WARN_DOCUMENTATION_COMMENTS = YES;
				CLANG_WARN_EMPTY_BODY = YES;
				CLANG_WARN_ENUM_CONVERSION = YES;
				CLANG_WARN_INFINITE_RECURSION = YES;
				CLANG_WARN_INT_CONVERSION = YES;
				CLANG_WARN_NON_LITERAL_NULL_CONVERSION = YES;
				CLANG_WARN_OBJC_IMPLICIT_RETAIN_SELF = YES;
				CLANG_WARN_OBJC_LITERAL_CONVERSION = YES;
				CLANG_WARN_OBJC_ROOT_CLASS = YES_ERROR;
				CLANG_WARN_QUOTED_INCLUDE_IN_FRAMEWORK_HEADER = YES;
				CLANG_WARN_RANGE_LOOP_ANALYSIS = YES;
				CLANG_WARN_STRICT_PROTOTYPES = YES;
				CLANG_WARN_SUSPICIOUS_MOVE = YES;
				CLANG_WARN_UNGUARDED_AVAILABILITY = YES_AGGRESSIVE;
				CLANG_WARN_UNREACHABLE_CODE = YES;
				CLANG_WARN__DUPLICATE_METHOD_MATCH = YES;
				COPY_PHASE_STRIP = NO;
				DEBUG_INFORMATION_FORMAT = dwarf;
				ENABLE_STRICT_OBJC_MSGSEND = YES;
				ENABLE_TESTABILITY = YES;
				GCC_C_LANGUAGE_STANDARD = gnu11;
				GCC_DYNAMIC_NO_PIC = NO;
				GCC_NO_COMMON_BLOCKS = YES;
				GCC_OPTIMIZATION_LEVEL = 0;
				GCC_PREPROCESSOR_DEFINITIONS = (
					"DEBUG=1",
					"$(inherited)",
				);
				GCC_WARN_64_TO_32_BIT_CONVERSION = YES;
				GCC_WARN_ABOUT_RETURN_TYPE = YES_ERROR;
				GCC_WARN_UNDECLARED_SELECTOR = YES;
				GCC_WARN_UNINITIALIZED_AUTOS = YES_AGGRESSIVE;
				GCC_WARN_UNUSED_FUNCTION = YES;
				GCC_WARN_UNUSED_VARIABLE = YES;
				IPHONEOS_DEPLOYMENT_TARGET = 16.2;
				MTL_ENABLE_DEBUG_INFO = INCLUDE_SOURCE;
				MTL_FAST_MATH = YES;
				ONLY_ACTIVE_ARCH = YES;
				SDKROOT = iphoneos;
				SWIFT_ACTIVE_COMPILATION_CONDITIONS = DEBUG;
				SWIFT_OPTIMIZATION_LEVEL = "-Onone";
			};
			name = Debug;
		};
		443806F22B3600D200F3AC3B /* Release */ = {
			isa = XCBuildConfiguration;
			buildSettings = {
				ALWAYS_SEARCH_USER_PATHS = NO;
				CLANG_ANALYZER_NONNULL = YES;
				CLANG_ANALYZER_NUMBER_OBJECT_CONVERSION = YES_AGGRESSIVE;
				CLANG_CXX_LANGUAGE_STANDARD = "gnu++20";
				CLANG_ENABLE_MODULES = YES;
				CLANG_ENABLE_OBJC_ARC = YES;
				CLANG_ENABLE_OBJC_WEAK = YES;
				CLANG_WARN_BLOCK_CAPTURE_AUTORELEASING = YES;
				CLANG_WARN_BOOL_CONVERSION = YES;
				CLANG_WARN_COMMA = YES;
				CLANG_WARN_CONSTANT_CONVERSION = YES;
				CLANG_WARN_DEPRECATED_OBJC_IMPLEMENTATIONS = YES;
				CLANG_WARN_DIRECT_OBJC_ISA_USAGE = YES_ERROR;
				CLANG_WARN_DOCUMENTATION_COMMENTS = YES;
				CLANG_WARN_EMPTY_BODY = YES;
				CLANG_WARN_ENUM_CONVERSION = YES;
				CLANG_WARN_INFINITE_RECURSION = YES;
				CLANG_WARN_INT_CONVERSION = YES;
				CLANG_WARN_NON_LITERAL_NULL_CONVERSION = YES;
				CLANG_WARN_OBJC_IMPLICIT_RETAIN_SELF = YES;
				CLANG_WARN_OBJC_LITERAL_CONVERSION = YES;
				CLANG_WARN_OBJC_ROOT_CLASS = YES_ERROR;
				CLANG_WARN_QUOTED_INCLUDE_IN_FRAMEWORK_HEADER = YES;
				CLANG_WARN_RANGE_LOOP_ANALYSIS = YES;
				CLANG_WARN_STRICT_PROTOTYPES = YES;
				CLANG_WARN_SUSPICIOUS_MOVE = YES;
				CLANG_WARN_UNGUARDED_AVAILABILITY = YES_AGGRESSIVE;
				CLANG_WARN_UNREACHABLE_CODE = YES;
				CLANG_WARN__DUPLICATE_METHOD_MATCH = YES;
				COPY_PHASE_STRIP = NO;
				DEBUG_INFORMATION_FORMAT = "dwarf-with-dsym";
				ENABLE_NS_ASSERTIONS = NO;
				ENABLE_STRICT_OBJC_MSGSEND = YES;
				GCC_C_LANGUAGE_STANDARD = gnu11;
				GCC_NO_COMMON_BLOCKS = YES;
				GCC_WARN_64_TO_32_BIT_CONVERSION = YES;
				GCC_WARN_ABOUT_RETURN_TYPE = YES_ERROR;
				GCC_WARN_UNDECLARED_SELECTOR = YES;
				GCC_WARN_UNINITIALIZED_AUTOS = YES_AGGRESSIVE;
				GCC_WARN_UNUSED_FUNCTION = YES;
				GCC_WARN_UNUSED_VARIABLE = YES;
				IPHONEOS_DEPLOYMENT_TARGET = 16.2;
				MTL_ENABLE_DEBUG_INFO = NO;
				MTL_FAST_MATH = YES;
				SDKROOT = iphoneos;
				SWIFT_COMPILATION_MODE = wholemodule;
				SWIFT_OPTIMIZATION_LEVEL = "-O";
				VALIDATE_PRODUCT = YES;
			};
			name = Release;
		};
		443806F42B3600D200F3AC3B /* Debug */ = {
			isa = XCBuildConfiguration;
			buildSettings = {
				ASSETCATALOG_COMPILER_APPICON_NAME = AppIcon;
				ASSETCATALOG_COMPILER_GLOBAL_ACCENT_COLOR_NAME = AccentColor;
				CODE_SIGN_STYLE = Automatic;
				CURRENT_PROJECT_VERSION = 1;
				DEVELOPMENT_ASSET_PATHS = "\"draw/Preview Content\"";
				DEVELOPMENT_TEAM = J77S5JK9F6;
				ENABLE_PREVIEWS = YES;
				GENERATE_INFOPLIST_FILE = YES;
				INFOPLIST_KEY_LSApplicationCategoryType = "public.app-category.utilities";
				INFOPLIST_KEY_UIApplicationSceneManifest_Generation = YES;
				INFOPLIST_KEY_UIApplicationSupportsIndirectInputEvents = YES;
				INFOPLIST_KEY_UILaunchScreen_Generation = YES;
				INFOPLIST_KEY_UISupportedInterfaceOrientations_iPad = "UIInterfaceOrientationPortrait UIInterfaceOrientationPortraitUpsideDown UIInterfaceOrientationLandscapeLeft UIInterfaceOrientationLandscapeRight";
				INFOPLIST_KEY_UISupportedInterfaceOrientations_iPhone = "UIInterfaceOrientationPortrait UIInterfaceOrientationLandscapeLeft UIInterfaceOrientationLandscapeRight";
				LD_RUNPATH_SEARCH_PATHS = (
					"$(inherited)",
					"@executable_path/Frameworks",
				);
				MARKETING_VERSION = 1.0;
				PRODUCT_BUNDLE_IDENTIFIER = sloane.draw;
				PRODUCT_NAME = "$(TARGET_NAME)";
				SWIFT_EMIT_LOC_STRINGS = YES;
				SWIFT_VERSION = 5.0;
				TARGETED_DEVICE_FAMILY = "1,2";
			};
			name = Debug;
		};
		443806F52B3600D200F3AC3B /* Release */ = {
			isa = XCBuildConfiguration;
			buildSettings = {
				ASSETCATALOG_COMPILER_APPICON_NAME = AppIcon;
				ASSETCATALOG_COMPILER_GLOBAL_ACCENT_COLOR_NAME = AccentColor;
				CODE_SIGN_STYLE = Automatic;
				CURRENT_PROJECT_VERSION = 1;
				DEVELOPMENT_ASSET_PATHS = "\"draw/Preview Content\"";
				DEVELOPMENT_TEAM = J77S5JK9F6;
				ENABLE_PREVIEWS = YES;
				GENERATE_INFOPLIST_FILE = YES;
				INFOPLIST_KEY_LSApplicationCategoryType = "public.app-category.utilities";
				INFOPLIST_KEY_UIApplicationSceneManifest_Generation = YES;
				INFOPLIST_KEY_UIApplicationSupportsIndirectInputEvents = YES;
				INFOPLIST_KEY_UILaunchScreen_Generation = YES;
				INFOPLIST_KEY_UISupportedInterfaceOrientations_iPad = "UIInterfaceOrientationPortrait UIInterfaceOrientationPortraitUpsideDown UIInterfaceOrientationLandscapeLeft UIInterfaceOrientationLandscapeRight";
				INFOPLIST_KEY_UISupportedInterfaceOrientations_iPhone = "UIInterfaceOrientationPortrait UIInterfaceOrientationLandscapeLeft UIInterfaceOrientationLandscapeRight";
				LD_RUNPATH_SEARCH_PATHS = (
					"$(inherited)",
					"@executable_path/Frameworks",
				);
				MARKETING_VERSION = 1.0;
				PRODUCT_BUNDLE_IDENTIFIER = sloane.draw;
				PRODUCT_NAME = "$(TARGET_NAME)";
				SWIFT_EMIT_LOC_STRINGS = YES;
				SWIFT_VERSION = 5.0;
				TARGETED_DEVICE_FAMILY = "1,2";
			};
			name = Release;
		};
		443806F72B3600D200F3AC3B /* Debug */ = {
			isa = XCBuildConfiguration;
			buildSettings = {
				ALWAYS_EMBED_SWIFT_STANDARD_LIBRARIES = YES;
				BUNDLE_LOADER = "$(TEST_HOST)";
				CODE_SIGN_STYLE = Automatic;
				CURRENT_PROJECT_VERSION = 1;
				DEVELOPMENT_TEAM = J77S5JK9F6;
				GENERATE_INFOPLIST_FILE = YES;
				IPHONEOS_DEPLOYMENT_TARGET = 16.2;
				MARKETING_VERSION = 1.0;
				PRODUCT_BUNDLE_IDENTIFIER = sloane.drawTests;
				PRODUCT_NAME = "$(TARGET_NAME)";
				SWIFT_EMIT_LOC_STRINGS = NO;
				SWIFT_VERSION = 5.0;
				TARGETED_DEVICE_FAMILY = "1,2";
				TEST_HOST = "$(BUILT_PRODUCTS_DIR)/draw.app/$(BUNDLE_EXECUTABLE_FOLDER_PATH)/draw";
			};
			name = Debug;
		};
		443806F82B3600D200F3AC3B /* Release */ = {
			isa = XCBuildConfiguration;
			buildSettings = {
				ALWAYS_EMBED_SWIFT_STANDARD_LIBRARIES = YES;
				BUNDLE_LOADER = "$(TEST_HOST)";
				CODE_SIGN_STYLE = Automatic;
				CURRENT_PROJECT_VERSION = 1;
				DEVELOPMENT_TEAM = J77S5JK9F6;
				GENERATE_INFOPLIST_FILE = YES;
				IPHONEOS_DEPLOYMENT_TARGET = 16.2;
				MARKETING_VERSION = 1.0;
				PRODUCT_BUNDLE_IDENTIFIER = sloane.drawTests;
				PRODUCT_NAME = "$(TARGET_NAME)";
				SWIFT_EMIT_LOC_STRINGS = NO;
				SWIFT_VERSION = 5.0;
				TARGETED_DEVICE_FAMILY = "1,2";
				TEST_HOST = "$(BUILT_PRODUCTS_DIR)/draw.app/$(BUNDLE_EXECUTABLE_FOLDER_PATH)/draw";
			};
			name = Release;
		};
		443806FA2B3600D200F3AC3B /* Debug */ = {
			isa = XCBuildConfiguration;
			buildSettings = {
				ALWAYS_EMBED_SWIFT_STANDARD_LIBRARIES = YES;
				CODE_SIGN_STYLE = Automatic;
				CURRENT_PROJECT_VERSION = 1;
				DEVELOPMENT_TEAM = J77S5JK9F6;
				GENERATE_INFOPLIST_FILE = YES;
				MARKETING_VERSION = 1.0;
				PRODUCT_BUNDLE_IDENTIFIER = sloane.drawUITests;
				PRODUCT_NAME = "$(TARGET_NAME)";
				SWIFT_EMIT_LOC_STRINGS = NO;
				SWIFT_VERSION = 5.0;
				TARGETED_DEVICE_FAMILY = "1,2";
				TEST_TARGET_NAME = draw;
			};
			name = Debug;
		};
		443806FB2B3600D200F3AC3B /* Release */ = {
			isa = XCBuildConfiguration;
			buildSettings = {
				ALWAYS_EMBED_SWIFT_STANDARD_LIBRARIES = YES;
				CODE_SIGN_STYLE = Automatic;
				CURRENT_PROJECT_VERSION = 1;
				DEVELOPMENT_TEAM = J77S5JK9F6;
				GENERATE_INFOPLIST_FILE = YES;
				MARKETING_VERSION = 1.0;
				PRODUCT_BUNDLE_IDENTIFIER = sloane.drawUITests;
				PRODUCT_NAME = "$(TARGET_NAME)";
				SWIFT_EMIT_LOC_STRINGS = NO;
				SWIFT_VERSION = 5.0;
				TARGETED_DEVICE_FAMILY = "1,2";
				TEST_TARGET_NAME = draw;
			};
			name = Release;
		};
/* End XCBuildConfiguration section */

/* Begin XCConfigurationList section */
		443806CA2B3600D000F3AC3B /* Build configuration list for PBXProject "draw" */ = {
			isa = XCConfigurationList;
			buildConfigurations = (
				443806F12B3600D200F3AC3B /* Debug */,
				443806F22B3600D200F3AC3B /* Release */,
			);
			defaultConfigurationIsVisible = 0;
			defaultConfigurationName = Release;
		};
		443806F32B3600D200F3AC3B /* Build configuration list for PBXNativeTarget "draw" */ = {
			isa = XCConfigurationList;
			buildConfigurations = (
				443806F42B3600D200F3AC3B /* Debug */,
				443806F52B3600D200F3AC3B /* Release */,
			);
			defaultConfigurationIsVisible = 0;
			defaultConfigurationName = Release;
		};
		443806F62B3600D200F3AC3B /* Build configuration list for PBXNativeTarget "drawTests" */ = {
			isa = XCConfigurationList;
			buildConfigurations = (
				443806F72B3600D200F3AC3B /* Debug */,
				443806F82B3600D200F3AC3B /* Release */,
			);
			defaultConfigurationIsVisible = 0;
			defaultConfigurationName = Release;
		};
		443806F92B3600D200F3AC3B /* Build configuration list for PBXNativeTarget "drawUITests" */ = {
			isa = XCConfigurationList;
			buildConfigurations = (
				443806FA2B3600D200F3AC3B /* Debug */,
				443806FB2B3600D200F3AC3B /* Release */,
			);
			defaultConfigurationIsVisible = 0;
			defaultConfigurationName = Release;
		};
/* End XCConfigurationList section */
	};
	rootObject = 443806C72B3600D000F3AC3B /* Project object */;
}
